
Microsoft Visual Studio Solution File, Format Version 12.00
# Visual Studio 15
VisualStudioVersion = 15.0.27703.2042
MinimumVisualStudioVersion = 10.0.40219.1
Project("{FAE04EC0-301F-11D3-BF4B-00C04F79EFBC}") = "FactoryPatternExample2", "FactoryPatternExample2\FactoryPatternExample2.csproj", "{F7356FEB-39E6-440F-9E56-7B9E1937BDC3}"
EndProject
Global
	GlobalSection(SolutionConfigurationPlatforms) = preSolution
		Debug|Any CPU = Debug|Any CPU
		Release|Any CPU = Release|Any CPU
	EndGlobalSection
	GlobalSection(ProjectConfigurationPlatforms) = postSolution
		{F7356FEB-39E6-440F-9E56-7B9E1937BDC3}.Debug|Any CPU.ActiveCfg = Debug|Any CPU
		{F7356FEB-39E6-440F-9E56-7B9E1937BDC3}.Debug|Any CPU.Build.0 = Debug|Any CPU
		{F7356FEB-39E6-440F-9E56-7B9E1937BDC3}.Release|Any CPU.ActiveCfg = Release|Any CPU
		{F7356FEB-39E6-440F-9E56-7B9E1937BDC3}.Release|Any CPU.Build.0 = Release|Any CPU
	EndGlobalSection
	GlobalSection(SolutionProperties) = preSolution
		HideSolutionNode = FALSE
	EndGlobalSection
	GlobalSection(ExtensibilityGlobals) = postSolution
		SolutionGuid = {74A34E42-B832-4A31-A16E-EEA9CB587C92}
	EndGlobalSection
EndGlobal
